Microsoft Visual Studio Solution File, Format Version 12.00
# Visual Studio Version 17
VisualStudioVersion = 17.5.2.0
MinimumVisualStudioVersion = 10.0.40219.1
Project("{FAE04EC0-301F-11D3-BF4B-00C04F79EFBC}") = "DIO DOTNET", "DIO DOTNET.csproj", "{A04E17C3-96A8-11E5-AD4E-86B047786254}"
EndProject
Global
	GlobalSection(SolutionConfigurationPlatforms) = preSolution
		Debug|Any CPU = Debug|Any CPU
		Release|Any CPU = Release|Any CPU
	EndGlobalSection
	GlobalSection(ProjectConfigurationPlatforms) = postSolution
		{A04E17C3-96A8-11E5-AD4E-86B047786254}.Debug|Any CPU.ActiveCfg = Debug|Any CPU
		{A04E17C3-96A8-11E5-AD4E-86B047786254}.Debug|Any CPU.Build.0 = Debug|Any CPU
		{A04E17C3-96A8-11E5-AD4E-86B047786254}.Release|Any CPU.ActiveCfg = Release|Any CPU
		{A04E17C3-96A8-11E5-AD4E-86B047786254}.Release|Any CPU.Build.0 = Release|Any CPU
	EndGlobalSection
	GlobalSection(SolutionProperties) = preSolution
		HideSolutionNode = FALSE
	EndGlobalSection
	GlobalSection(ExtensibilityGlobals) = postSolution
		SolutionGuid = {448EDF56-66C4-4AFA-9D36-B30359452184}
	EndGlobalSection
EndGlobal
